
Microsoft Visual Studio Solution File, Format Version 12.00
# Visual Studio Version 17
VisualStudioVersion = 17.6.33712.159
MinimumVisualStudioVersion = 10.0.40219.1
Project("{FAE04EC0-301F-11D3-BF4B-00C04F79EFBC}") = "ING Price Prediction", "ING Price Prediction\ING Price Prediction.csproj", "{6B302AFE-CB32-4E47-85ED-AF5E0B3FE9AC}"
EndProject
Global
	GlobalSection(SolutionConfigurationPlatforms) = preSolution
		Debug|Any CPU = Debug|Any CPU
		Release|Any CPU = Release|Any CPU
	EndGlobalSection
	GlobalSection(ProjectConfigurationPlatforms) = postSolution
		{6B302AFE-CB32-4E47-85ED-AF5E0B3FE9AC}.Debug|Any CPU.ActiveCfg = Debug|Any CPU
		{6B302AFE-CB32-4E47-85ED-AF5E0B3FE9AC}.Debug|Any CPU.Build.0 = Debug|Any CPU
		{6B302AFE-CB32-4E47-85ED-AF5E0B3FE9AC}.Release|Any CPU.ActiveCfg = Release|Any CPU
		{6B302AFE-CB32-4E47-85ED-AF5E0B3FE9AC}.Release|Any CPU.Build.0 = Release|Any CPU
	EndGlobalSection
	GlobalSection(SolutionProperties) = preSolution
		HideSolutionNode = FALSE
	EndGlobalSection
	GlobalSection(ExtensibilityGlobals) = postSolution
		SolutionGuid = {F72C34B8-4A36-4178-A0F1-ACEF0D749B6A}
	EndGlobalSection
EndGlobal
